{
  "version": "5",
  "specifiers": {
    "jsr:@dldc/css-builder@^1.6.0": "1.6.0",
    "jsr:@hono/hono@^4.12.14": "4.12.14",
    "jsr:@std/internal@^1.0.12": "1.0.13",
    "jsr:@std/path@^1.1.4": "1.1.4",
    "npm:lucide-static@^1.11.0": "1.11.0",
    "npm:type-fest@^5.6.0": "5.6.0"
  },
  "jsr": {
    "@dldc/css-builder@1.6.0": {
      "integrity": "cae89cec79a7d2da3d988c993b83153906584f21bb5b6df6f8ff9a7f6ef1ef79"
    },
    "@hono/hono@4.12.14": {
      "integrity": "4eedba4b53f27c8e0db683d515e11ec3b88b8fdc1748e229cd7988d243ca018d"
    },
    "@std/internal@1.0.13": {
      "integrity": "2f9546691d4ac2d32859c82dff284aaeac980ddeca38430d07941e7e288725c0"
    },
    "@std/path@1.1.4": {
      "integrity": "1d2d43f39efb1b42f0b1882a25486647cb851481862dc7313390b2bb044314b5",
      "dependencies": [
        "jsr:@std/internal"
      ]
    }
  },
  "npm": {
    "lucide-static@1.11.0": {
      "integrity": "sha512-+1S3QkfaDJnjTG7Gif6562COLU36bRgJkkb3r0goDfEprRwaRh/ivbIll37DUppmN1TDeGUgPib/BxaRXn3S6A=="
    },
    "tagged-tag@1.0.0": {
      "integrity": "sha512-yEFYrVhod+hdNyx7g5Bnkkb0G6si8HJurOoOEgC8B/O0uXLHlaey/65KRv6cuWBNhBgHKAROVpc7QyYqE5gFng=="
    },
    "type-fest@5.6.0": {
      "integrity": "sha512-8ZiHFm91orbSAe2PSAiSVBVko18pbhbiB3U9GglSzF/zCGkR+rxpHx6sEMCUm4kxY4LjDIUGgCfUMtwfZfjfUA==",
      "dependencies": [
        "tagged-tag"
      ]
    }
  },
  "workspace": {
    "dependencies": [
      "jsr:@dldc/css-builder@^1.6.0",
      "jsr:@hono/hono@^4.12.14",
      "jsr:@std/path@^1.1.4",
      "npm:lucide-static@^1.11.0",
      "npm:type-fest@^5.6.0"
    ]
  }
}
